// !$*UTF8*$!
{
	archiveVersion = 1;
	classes = {
	};
	objectVersion = 50;
	objects = {

/* Begin PBXBuildFile section */
		611F250B22E4C4F700DD60F0 /* RoundedImageView.swift in Sources */ = {isa = PBXBuildFile; fileRef = 611F250922E4C4C200DD60F0 /* RoundedImageView.swift */; };
		611F250C22E4C4FA00DD60F0 /* MapView.swift in Sources */ = {isa = PBXBuildFile; fileRef = 611F250A22E4C4C200DD60F0 /* MapView.swift */; };
		611F251222E4C7F700DD60F0 /* Merchant.swift in Sources */ = {isa = PBXBuildFile; fileRef = 611F251122E4C7F700DD60F0 /* Merchant.swift */; };
		6138602522E5177F00895EEC /* MerchantsFactory.swift in Sources */ = {isa = PBXBuildFile; fileRef = 6138602422E5177F00895EEC /* MerchantsFactory.swift */; };
		6138602822E5205800895EEC /* MerchantRowView.swift in Sources */ = {isa = PBXBuildFile; fileRef = 6138602722E5205800895EEC /* MerchantRowView.swift */; };
		613CA56722E612CE0073AED2 /* MerchantList.swift in Sources */ = {isa = PBXBuildFile; fileRef = 613CA56622E612CE0073AED2 /* MerchantList.swift */; };
		61A1FC4822E488CF0013FDC6 /* AppDelegate.swift in Sources */ = {isa = PBXBuildFile; fileRef = 61A1FC4722E488CF0013FDC6 /* AppDelegate.swift */; };
		61A1FC4A22E488CF0013FDC6 /* SceneDelegate.swift in Sources */ = {isa = PBXBuildFile; fileRef = 61A1FC4922E488CF0013FDC6 /* SceneDelegate.swift */; };
		61A1FC4C22E488CF0013FDC6 /* MerchantDetailView.swift in Sources */ = {isa = PBXBuildFile; fileRef = 61A1FC4B22E488CF0013FDC6 /* MerchantDetailView.swift */; };
		61A1FC4E22E488D40013FDC6 /* Assets.xcassets in Resources */ = {isa = PBXBuildFile; fileRef = 61A1FC4D22E488D40013FDC6 /* Assets.xcassets */; };
		61A1FC5122E488D40013FDC6 /* Preview Assets.xcassets in Resources */ = {isa = PBXBuildFile; fileRef = 61A1FC5022E488D40013FDC6 /* Preview Assets.xcassets */; };
		61A1FC5422E488D40013FDC6 /* LaunchScreen.storyboard in Resources */ = {isa = PBXBuildFile; fileRef = 61A1FC5222E488D40013FDC6 /* LaunchScreen.storyboard */; };
		61A1FC5F22E488D40013FDC6 /* Nearby_MeTests.swift in Sources */ = {isa = PBXBuildFile; fileRef = 61A1FC5E22E488D40013FDC6 /* Nearby_MeTests.swift */; };
		61A1FC6A22E488D40013FDC6 /* Nearby_MeUITests.swift in Sources */ = {isa = PBXBuildFile; fileRef = 61A1FC6922E488D40013FDC6 /* Nearby_MeUITests.swift */; };
/* End PBXBuildFile section */

/* Begin PBXContainerItemProxy section */
		61A1FC5B22E488D40013FDC6 /* PBXContainerItemProxy */ = {
			isa = PBXContainerItemProxy;
			containerPortal = 61A1FC3C22E488CF0013FDC6 /* Project object */;
			proxyType = 1;
			remoteGlobalIDString = 61A1FC4322E488CF0013FDC6;
			remoteInfo = "Nearby Me";
		};
		61A1FC6622E488D40013FDC6 /* PBXContainerItemProxy */ = {
			isa = PBXContainerItemProxy;
			containerPortal = 61A1FC3C22E488CF0013FDC6 /* Project object */;
			proxyType = 1;
			remoteGlobalIDString = 61A1FC4322E488CF0013FDC6;
			remoteInfo = "Nearby Me";
		};
/* End PBXContainerItemProxy section */

/* Begin PBXFileReference section */
		611F250922E4C4C200DD60F0 /* RoundedImageView.swift */ = {isa = PBXFileReference; lastKnownFileType = sourcecode.swift; path = RoundedImageView.swift; sourceTree = "<group>"; };
		611F250A22E4C4C200DD60F0 /* MapView.swift */ = {isa = PBXFileReference; lastKnownFileType = sourcecode.swift; path = MapView.swift; sourceTree = "<group>"; };
		611F251122E4C7F700DD60F0 /* Merchant.swift */ = {isa = PBXFileReference; fileEncoding = 4; lastKnownFileType = sourcecode.swift; path = Merchant.swift; sourceTree = "<group>"; };
		6138602422E5177F00895EEC /* MerchantsFactory.swift */ = {isa = PBXFileReference; lastKnownFileType = sourcecode.swift; name = MerchantsFactory.swift; path = "../../../../../../System/Volumes/Data/Users/hardianprakasa/Documents/Nearby Me/Nearby Me/Models/MerchantsFactory.swift"; sourceTree = "<group>"; };
		6138602722E5205800895EEC /* MerchantRowView.swift */ = {isa = PBXFileReference; lastKnownFileType = sourcecode.swift; name = MerchantRowView.swift; path = "../../../../../../../System/Volumes/Data/Users/hardianprakasa/Documents/Nearby Me/Nearby Me/Commons/Views/MerchantRowView.swift"; sourceTree = "<group>"; };
		613CA56622E612CE0073AED2 /* MerchantList.swift */ = {isa = PBXFileReference; lastKnownFileType = sourcecode.swift; name = MerchantList.swift; path = "../../../../../../../System/Volumes/Data/Users/hardianprakasa/Documents/Nearby Me/Nearby Me/Screens/Merchant List/MerchantList.swift"; sourceTree = "<group>"; };
		61A1FC4422E488CF0013FDC6 /* Nearby Me.app */ = {isa = PBXFileReference; explicitFileType = wrapper.application; includeInIndex = 0; path = "Nearby Me.app"; sourceTree = BUILT_PRODUCTS_DIR; };
		61A1FC4722E488CF0013FDC6 /* AppDelegate.swift */ = {isa = PBXFileReference; lastKnownFileType = sourcecode.swift; path = AppDelegate.swift; sourceTree = "<group>"; };
		61A1FC4922E488CF0013FDC6 /* SceneDelegate.swift */ = {isa = PBXFileReference; lastKnownFileType = sourcecode.swift; path = SceneDelegate.swift; sourceTree = "<group>"; };
		61A1FC4B22E488CF0013FDC6 /* MerchantDetailView.swift */ = {isa = PBXFileReference; lastKnownFileType = sourcecode.swift; path = MerchantDetailView.swift; sourceTree = "<group>"; };
		61A1FC4D22E488D40013FDC6 /* Assets.xcassets */ = {isa = PBXFileReference; lastKnownFileType = folder.assetcatalog; path = Assets.xcassets; sourceTree = "<group>"; };
		61A1FC5022E488D40013FDC6 /* Preview Assets.xcassets */ = {isa = PBXFileReference; lastKnownFileType = folder.assetcatalog; path = "Preview Assets.xcassets"; sourceTree = "<group>"; };
		61A1FC5322E488D40013FDC6 /* Base */ = {isa = PBXFileReference; lastKnownFileType = file.storyboard; name = Base; path = Base.lproj/LaunchScreen.storyboard; sourceTree = "<group>"; };
		61A1FC5522E488D40013FDC6 /* Info.plist */ = {isa = PBXFileReference; lastKnownFileType = text.plist.xml; path = Info.plist; sourceTree = "<group>"; };
		61A1FC5A22E488D40013FDC6 /* Nearby MeTests.xctest */ = {isa = PBXFileReference; explicitFileType = wrapper.cfbundle; includeInIndex = 0; path = "Nearby MeTests.xctest"; sourceTree = BUILT_PRODUCTS_DIR; };
		61A1FC5E22E488D40013FDC6 /* Nearby_MeTests.swift */ = {isa = PBXFileReference; lastKnownFileType = sourcecode.swift; path = Nearby_MeTests.swift; sourceTree = "<group>"; };
		61A1FC6022E488D40013FDC6 /* Info.plist */ = {isa = PBXFileReference; lastKnownFileType = text.plist.xml; path = Info.plist; sourceTree = "<group>"; };
		61A1FC6522E488D40013FDC6 /* Nearby MeUITests.xctest */ = {isa = PBXFileReference; explicitFileType = wrapper.cfbundle; includeInIndex = 0; path = "Nearby MeUITests.xctest"; sourceTree = BUILT_PRODUCTS_DIR; };
		61A1FC6922E488D40013FDC6 /* Nearby_MeUITests.swift */ = {isa = PBXFileReference; lastKnownFileType = sourcecode.swift; path = Nearby_MeUITests.swift; sourceTree = "<group>"; };
		61A1FC6B22E488D40013FDC6 /* Info.plist */ = {isa = PBXFileReference; lastKnownFileType = text.plist.xml; path = Info.plist; sourceTree = "<group>"; };
/* End PBXFileReference section */

/* Begin PBXFrameworksBuildPhase section */
		61A1FC4122E488CF0013FDC6 /* Frameworks */ = {
			isa = PBXFrameworksBuildPhase;
			buildActionMask = 2147483647;
			files = (
			);
			runOnlyForDeploymentPostprocessing = 0;
		};
		61A1FC5722E488D40013FDC6 /* Frameworks */ = {
			isa = PBXFrameworksBuildPhase;
			buildActionMask = 2147483647;
			files = (
			);
			runOnlyForDeploymentPostprocessing = 0;
		};
		61A1FC6222E488D40013FDC6 /* Frameworks */ = {
			isa = PBXFrameworksBuildPhase;
			buildActionMask = 2147483647;
			files = (
			);
			runOnlyForDeploymentPostprocessing = 0;
		};
/* End PBXFrameworksBuildPhase section */

/* Begin PBXGroup section */
		611F250822E4C4B600DD60F0 /* Merchant Detail */ = {
			isa = PBXGroup;
			children = (
				61A1FC4B22E488CF0013FDC6 /* MerchantDetailView.swift */,
			);
			path = "Merchant Detail";
			sourceTree = "<group>";
		};
		611F250D22E4C58300DD60F0 /* Commons */ = {
			isa = PBXGroup;
			children = (
				611F250E22E4C58F00DD60F0 /* Views */,
			);
			path = Commons;
			sourceTree = "<group>";
		};
		611F250E22E4C58F00DD60F0 /* Views */ = {
			isa = PBXGroup;
			children = (
				611F250922E4C4C200DD60F0 /* RoundedImageView.swift */,
				611F250A22E4C4C200DD60F0 /* MapView.swift */,
				6138602722E5205800895EEC /* MerchantRowView.swift */,
			);
			path = Views;
			sourceTree = "<group>";
		};
		611F250F22E4C5A500DD60F0 /* Screens */ = {
			isa = PBXGroup;
			children = (
				6138602622E51C0200895EEC /* Merchant List */,
				611F250822E4C4B600DD60F0 /* Merchant Detail */,
			);
			path = Screens;
			sourceTree = "<group>";
		};
		611F251022E4C7CB00DD60F0 /* Models */ = {
			isa = PBXGroup;
			children = (
				611F251122E4C7F700DD60F0 /* Merchant.swift */,
				6138602422E5177F00895EEC /* MerchantsFactory.swift */,
			);
			path = Models;
			sourceTree = "<group>";
		};
		6128774622E4AB0F005A229D /* Resources */ = {
			isa = PBXGroup;
			children = (
				61A1FC4D22E488D40013FDC6 /* Assets.xcassets */,
				61A1FC5222E488D40013FDC6 /* LaunchScreen.storyboard */,
			);
			path = Resources;
			sourceTree = "<group>";
		};
		6138602622E51C0200895EEC /* Merchant List */ = {
			isa = PBXGroup;
			children = (
				613CA56622E612CE0073AED2 /* MerchantList.swift */,
			);
			path = "Merchant List";
			sourceTree = "<group>";
		};
		61A1FC3B22E488CF0013FDC6 = {
			isa = PBXGroup;
			children = (
				61A1FC4622E488CF0013FDC6 /* Nearby Me */,
				61A1FC5D22E488D40013FDC6 /* Nearby MeTests */,
				61A1FC6822E488D40013FDC6 /* Nearby MeUITests */,
				61A1FC4522E488CF0013FDC6 /* Products */,
			);
			sourceTree = "<group>";
		};
		61A1FC4522E488CF0013FDC6 /* Products */ = {
			isa = PBXGroup;
			children = (
				61A1FC4422E488CF0013FDC6 /* Nearby Me.app */,
				61A1FC5A22E488D40013FDC6 /* Nearby MeTests.xctest */,
				61A1FC6522E488D40013FDC6 /* Nearby MeUITests.xctest */,
			);
			name = Products;
			sourceTree = "<group>";
		};
		61A1FC4622E488CF0013FDC6 /* Nearby Me */ = {
			isa = PBXGroup;
			children = (
				61A1FC5522E488D40013FDC6 /* Info.plist */,
				61A1FC4722E488CF0013FDC6 /* AppDelegate.swift */,
				61A1FC4922E488CF0013FDC6 /* SceneDelegate.swift */,
				611F251022E4C7CB00DD60F0 /* Models */,
				611F250F22E4C5A500DD60F0 /* Screens */,
				611F250D22E4C58300DD60F0 /* Commons */,
				6128774622E4AB0F005A229D /* Resources */,
				61A1FC4F22E488D40013FDC6 /* Preview Content */,
			);
			path = "Nearby Me";
			sourceTree = "<group>";
		};
		61A1FC4F22E488D40013FDC6 /* Preview Content */ = {
			isa = PBXGroup;
			children = (
				61A1FC5022E488D40013FDC6 /* Preview Assets.xcassets */,
			);
			path = "Preview Content";
			sourceTree = "<group>";
		};
		61A1FC5D22E488D40013FDC6 /* Nearby MeTests */ = {
			isa = PBXGroup;
			children = (
				61A1FC5E22E488D40013FDC6 /* Nearby_MeTests.swift */,
				61A1FC6022E488D40013FDC6 /* Info.plist */,
			);
			path = "Nearby MeTests";
			sourceTree = "<group>";
		};
		61A1FC6822E488D40013FDC6 /* Nearby MeUITests */ = {
			isa = PBXGroup;
			children = (
				61A1FC6922E488D40013FDC6 /* Nearby_MeUITests.swift */,
				61A1FC6B22E488D40013FDC6 /* Info.plist */,
			);
			path = "Nearby MeUITests";
			sourceTree = "<group>";
		};
/* End PBXGroup section */

/* Begin PBXNativeTarget section */
		61A1FC4322E488CF0013FDC6 /* Nearby Me */ = {
			isa = PBXNativeTarget;
			buildConfigurationList = 61A1FC6E22E488D40013FDC6 /* Build configuration list for PBXNativeTarget "Nearby Me" */;
			buildPhases = (
				61A1FC4022E488CF0013FDC6 /* Sources */,
				61A1FC4122E488CF0013FDC6 /* Frameworks */,
				61A1FC4222E488CF0013FDC6 /* Resources */,
			);
			buildRules = (
			);
			dependencies = (
			);
			name = "Nearby Me";
			productName = "Nearby Me";
			productReference = 61A1FC4422E488CF0013FDC6 /* Nearby Me.app */;
			productType = "com.apple.product-type.application";
		};
		61A1FC5922E488D40013FDC6 /* Nearby MeTests */ = {
			isa = PBXNativeTarget;
			buildConfigurationList = 61A1FC7122E488D40013FDC6 /* Build configuration list for PBXNativeTarget "Nearby MeTests" */;
			buildPhases = (
				61A1FC5622E488D40013FDC6 /* Sources */,
				61A1FC5722E488D40013FDC6 /* Frameworks */,
				61A1FC5822E488D40013FDC6 /* Resources */,
			);
			buildRules = (
			);
			dependencies = (
				61A1FC5C22E488D40013FDC6 /* PBXTargetDependency */,
			);
			name = "Nearby MeTests";
			productName = "Nearby MeTests";
			productReference = 61A1FC5A22E488D40013FDC6 /* Nearby MeTests.xctest */;
			productType = "com.apple.product-type.bundle.unit-test";
		};
		61A1FC6422E488D40013FDC6 /* Nearby MeUITests */ = {
			isa = PBXNativeTarget;
			buildConfigurationList = 61A1FC7422E488D40013FDC6 /* Build configuration list for PBXNativeTarget "Nearby MeUITests" */;
			buildPhases = (
				61A1FC6122E488D40013FDC6 /* Sources */,
				61A1FC6222E488D40013FDC6 /* Frameworks */,
				61A1FC6322E488D40013FDC6 /* Resources */,
			);
			buildRules = (
			);
			dependencies = (
				61A1FC6722E488D40013FDC6 /* PBXTargetDependency */,
			);
			name = "Nearby MeUITests";
			productName = "Nearby MeUITests";
			productReference = 61A1FC6522E488D40013FDC6 /* Nearby MeUITests.xctest */;
			productType = "com.apple.product-type.bundle.ui-testing";
		};
/* End PBXNativeTarget section */

/* Begin PBXProject section */
		61A1FC3C22E488CF0013FDC6 /* Project object */ = {
			isa = PBXProject;
			attributes = {
				LastSwiftUpdateCheck = 1100;
				LastUpgradeCheck = 1100;
				ORGANIZATIONNAME = "DANA Indonesia";
				TargetAttributes = {
					61A1FC4322E488CF0013FDC6 = {
						CreatedOnToolsVersion = 11.0;
					};
					61A1FC5922E488D40013FDC6 = {
						CreatedOnToolsVersion = 11.0;
						TestTargetID = 61A1FC4322E488CF0013FDC6;
					};
					61A1FC6422E488D40013FDC6 = {
						CreatedOnToolsVersion = 11.0;
						TestTargetID = 61A1FC4322E488CF0013FDC6;
					};
				};
			};
			buildConfigurationList = 61A1FC3F22E488CF0013FDC6 /* Build configuration list for PBXProject "Nearby Me" */;
			compatibilityVersion = "Xcode 9.3";
			developmentRegion = en;
			hasScannedForEncodings = 0;
			knownRegions = (
				en,
				Base,
			);
			mainGroup = 61A1FC3B22E488CF0013FDC6;
			productRefGroup = 61A1FC4522E488CF0013FDC6 /* Products */;
			projectDirPath = "";
			projectRoot = "";
			targets = (
				61A1FC4322E488CF0013FDC6 /* Nearby Me */,
				61A1FC5922E488D40013FDC6 /* Nearby MeTests */,
				61A1FC6422E488D40013FDC6 /* Nearby MeUITests */,
			);
		};
/* End PBXProject section */

/* Begin PBXResourcesBuildPhase section */
		61A1FC4222E488CF0013FDC6 /* Resources */ = {
			isa = PBXResourcesBuildPhase;
			buildActionMask = 2147483647;
			files = (
				61A1FC5422E488D40013FDC6 /* LaunchScreen.storyboard in Resources */,
				61A1FC5122E488D40013FDC6 /* Preview Assets.xcassets in Resources */,
				61A1FC4E22E488D40013FDC6 /* Assets.xcassets in Resources */,
			);
			runOnlyForDeploymentPostprocessing = 0;
		};
		61A1FC5822E488D40013FDC6 /* Resources */ = {
			isa = PBXResourcesBuildPhase;
			buildActionMask = 2147483647;
			files = (
			);
			runOnlyForDeploymentPostprocessing = 0;
		};
		61A1FC6322E488D40013FDC6 /* Resources */ = {
			isa = PBXResourcesBuildPhase;
			buildActionMask = 2147483647;
			files = (
			);
			runOnlyForDeploymentPostprocessing = 0;
		};
/* End PBXResourcesBuildPhase section */

/* Begin PBXSourcesBuildPhase section */
		61A1FC4022E488CF0013FDC6 /* Sources */ = {
			isa = PBXSourcesBuildPhase;
			buildActionMask = 2147483647;
			files = (
				61A1FC4822E488CF0013FDC6 /* AppDelegate.swift in Sources */,
				611F250B22E4C4F700DD60F0 /* RoundedImageView.swift in Sources */,
				6138602522E5177F00895EEC /* MerchantsFactory.swift in Sources */,
				611F250C22E4C4FA00DD60F0 /* MapView.swift in Sources */,
				61A1FC4A22E488CF0013FDC6 /* SceneDelegate.swift in Sources */,
				613CA56722E612CE0073AED2 /* MerchantList.swift in Sources */,
				6138602822E5205800895EEC /* MerchantRowView.swift in Sources */,
				61A1FC4C22E488CF0013FDC6 /* MerchantDetailView.swift in Sources */,
				611F251222E4C7F700DD60F0 /* Merchant.swift in Sources */,
			);
			runOnlyForDeploymentPostprocessing = 0;
		};
		61A1FC5622E488D40013FDC6 /* Sources */ = {
			isa = PBXSourcesBuildPhase;
			buildActionMask = 2147483647;
			files = (
				61A1FC5F22E488D40013FDC6 /* Nearby_MeTests.swift in Sources */,
			);
			runOnlyForDeploymentPostprocessing = 0;
		};
		61A1FC6122E488D40013FDC6 /* Sources */ = {
			isa = PBXSourcesBuildPhase;
			buildActionMask = 2147483647;
			files = (
				61A1FC6A22E488D40013FDC6 /* Nearby_MeUITests.swift in Sources */,
			);
			runOnlyForDeploymentPostprocessing = 0;
		};
/* End PBXSourcesBuildPhase section */

/* Begin PBXTargetDependency section */
		61A1FC5C22E488D40013FDC6 /* PBXTargetDependency */ = {
			isa = PBXTargetDependency;
			target = 61A1FC4322E488CF0013FDC6 /* Nearby Me */;
			targetProxy = 61A1FC5B22E488D40013FDC6 /* PBXContainerItemProxy */;
		};
		61A1FC6722E488D40013FDC6 /* PBXTargetDependency */ = {
			isa = PBXTargetDependency;
			target = 61A1FC4322E488CF0013FDC6 /* Nearby Me */;
			targetProxy = 61A1FC6622E488D40013FDC6 /* PBXContainerItemProxy */;
		};
/* End PBXTargetDependency section */

/* Begin PBXVariantGroup section */
		61A1FC5222E488D40013FDC6 /* LaunchScreen.storyboard */ = {
			isa = PBXVariantGroup;
			children = (
				61A1FC5322E488D40013FDC6 /* Base */,
			);
			name = LaunchScreen.storyboard;
			sourceTree = "<group>";
		};
/* End PBXVariantGroup section */

/* Begin XCBuildConfiguration section */
		61A1FC6C22E488D40013FDC6 /* Debug */ = {
			isa = XCBuildConfiguration;
			buildSettings = {
				ALWAYS_SEARCH_USER_PATHS = NO;
				CLANG_ANALYZER_NONNULL = YES;
				CLANG_ANALYZER_NUMBER_OBJECT_CONVERSION = YES_AGGRESSIVE;
				CLANG_CXX_LANGUAGE_STANDARD = "gnu++14";
				CLANG_CXX_LIBRARY = "libc++";
				CLANG_ENABLE_MODULES = YES;
				CLANG_ENABLE_OBJC_ARC = YES;
				CLANG_ENABLE_OBJC_WEAK = YES;
				CLANG_WARN_BLOCK_CAPTURE_AUTORELEASING = YES;
				CLANG_WARN_BOOL_CONVERSION = YES;
				CLANG_WARN_COMMA = YES;
				CLANG_WARN_CONSTANT_CONVERSION = YES;
				CLANG_WARN_DEPRECATED_OBJC_IMPLEMENTATIONS = YES;
				CLANG_WARN_DIRECT_OBJC_ISA_USAGE = YES_ERROR;
				CLANG_WARN_DOCUMENTATION_COMMENTS = YES;
				CLANG_WARN_EMPTY_BODY = YES;
				CLANG_WARN_ENUM_CONVERSION = YES;
				CLANG_WARN_INFINITE_RECURSION = YES;
				CLANG_WARN_INT_CONVERSION = YES;
				CLANG_WARN_NON_LITERAL_NULL_CONVERSION = YES;
				CLANG_WARN_OBJC_IMPLICIT_RETAIN_SELF = YES;
				CLANG_WARN_OBJC_LITERAL_CONVERSION = YES;
				CLANG_WARN_OBJC_ROOT_CLASS = YES_ERROR;
				CLANG_WARN_RANGE_LOOP_ANALYSIS = YES;
				CLANG_WARN_STRICT_PROTOTYPES = YES;
				CLANG_WARN_SUSPICIOUS_MOVE = YES;
				CLANG_WARN_UNGUARDED_AVAILABILITY = YES_AGGRESSIVE;
				CLANG_WARN_UNREACHABLE_CODE = YES;
				CLANG_WARN__DUPLICATE_METHOD_MATCH = YES;
				COPY_PHASE_STRIP = NO;
				DEBUG_INFORMATION_FORMAT = dwarf;
				ENABLE_STRICT_OBJC_MSGSEND = YES;
				ENABLE_TESTABILITY = YES;
				GCC_C_LANGUAGE_STANDARD = gnu11;
				GCC_DYNAMIC_NO_PIC = NO;
				GCC_NO_COMMON_BLOCKS = YES;
				GCC_OPTIMIZATION_LEVEL = 0;
				GCC_PREPROCESSOR_DEFINITIONS = (
					"DEBUG=1",
					"$(inherited)",
				);
				GCC_WARN_64_TO_32_BIT_CONVERSION = YES;
				GCC_WARN_ABOUT_RETURN_TYPE = YES_ERROR;
				GCC_WARN_UNDECLARED_SELECTOR = YES;
				GCC_WARN_UNINITIALIZED_AUTOS = YES_AGGRESSIVE;
				GCC_WARN_UNUSED_FUNCTION = YES;
				GCC_WARN_UNUSED_VARIABLE = YES;
				IPHONEOS_DEPLOYMENT_TARGET = 13.0;
				MTL_ENABLE_DEBUG_INFO = INCLUDE_SOURCE;
				MTL_FAST_MATH = YES;
				ONLY_ACTIVE_ARCH = YES;
				SDKROOT = iphoneos;
				SWIFT_ACTIVE_COMPILATION_CONDITIONS = DEBUG;
				SWIFT_OPTIMIZATION_LEVEL = "-Onone";
			};
			name = Debug;
		};
		61A1FC6D22E488D40013FDC6 /* Release */ = {
			isa = XCBuildConfiguration;
			buildSettings = {
				ALWAYS_SEARCH_USER_PATHS = NO;
				CLANG_ANALYZER_NONNULL = YES;
				CLANG_ANALYZER_NUMBER_OBJECT_CONVERSION = YES_AGGRESSIVE;
				CLANG_CXX_LANGUAGE_STANDARD = "gnu++14";
				CLANG_CXX_LIBRARY = "libc++";
				CLANG_ENABLE_MODULES = YES;
				CLANG_ENABLE_OBJC_ARC = YES;
				CLANG_ENABLE_OBJC_WEAK = YES;
				CLANG_WARN_BLOCK_CAPTURE_AUTORELEASING = YES;
				CLANG_WARN_BOOL_CONVERSION = YES;
				CLANG_WARN_COMMA = YES;
				CLANG_WARN_CONSTANT_CONVERSION = YES;
				CLANG_WARN_DEPRECATED_OBJC_IMPLEMENTATIONS = YES;
				CLANG_WARN_DIRECT_OBJC_ISA_USAGE = YES_ERROR;
				CLANG_WARN_DOCUMENTATION_COMMENTS = YES;
				CLANG_WARN_EMPTY_BODY = YES;
				CLANG_WARN_ENUM_CONVERSION = YES;
				CLANG_WARN_INFINITE_RECURSION = YES;
				CLANG_WARN_INT_CONVERSION = YES;
				CLANG_WARN_NON_LITERAL_NULL_CONVERSION = YES;
				CLANG_WARN_OBJC_IMPLICIT_RETAIN_SELF = YES;
				CLANG_WARN_OBJC_LITERAL_CONVERSION = YES;
				CLANG_WARN_OBJC_ROOT_CLASS = YES_ERROR;
				CLANG_WARN_RANGE_LOOP_ANALYSIS = YES;
				CLANG_WARN_STRICT_PROTOTYPES = YES;
				CLANG_WARN_SUSPICIOUS_MOVE = YES;
				CLANG_WARN_UNGUARDED_AVAILABILITY = YES_AGGRESSIVE;
				CLANG_WARN_UNREACHABLE_CODE = YES;
				CLANG_WARN__DUPLICATE_METHOD_MATCH = YES;
				COPY_PHASE_STRIP = NO;
				DEBUG_INFORMATION_FORMAT = "dwarf-with-dsym";
				ENABLE_NS_ASSERTIONS = NO;
				ENABLE_STRICT_OBJC_MSGSEND = YES;
				GCC_C_LANGUAGE_STANDARD = gnu11;
				GCC_NO_COMMON_BLOCKS = YES;
				GCC_WARN_64_TO_32_BIT_CONVERSION = YES;
				GCC_WARN_ABOUT_RETURN_TYPE = YES_ERROR;
				GCC_WARN_UNDECLARED_SELECTOR = YES;
				GCC_WARN_UNINITIALIZED_AUTOS = YES_AGGRESSIVE;
				GCC_WARN_UNUSED_FUNCTION = YES;
				GCC_WARN_UNUSED_VARIABLE = YES;
				IPHONEOS_DEPLOYMENT_TARGET = 13.0;
				MTL_ENABLE_DEBUG_INFO = NO;
				MTL_FAST_MATH = YES;
				SDKROOT = iphoneos;
				SWIFT_COMPILATION_MODE = wholemodule;
				SWIFT_OPTIMIZATION_LEVEL = "-O";
				VALIDATE_PRODUCT = YES;
			};
			name = Release;
		};
		61A1FC6F22E488D40013FDC6 /* Debug */ = {
			isa = XCBuildConfiguration;
			buildSettings = {
				ASSETCATALOG_COMPILER_APPICON_NAME = AppIcon;
				CODE_SIGN_STYLE = Automatic;
				DEVELOPMENT_ASSET_PATHS = "\"Nearby Me\"/Preview\\ Content";
				ENABLE_PREVIEWS = YES;
				INFOPLIST_FILE = "Nearby Me/Info.plist";
				LD_RUNPATH_SEARCH_PATHS = (
					"$(inherited)",
					"@executable_path/Frameworks",
				);
				PRODUCT_BUNDLE_IDENTIFIER = "id.dana.Nearby-Me";
				PRODUCT_NAME = "$(TARGET_NAME)";
				SWIFT_VERSION = 5.0;
				TARGETED_DEVICE_FAMILY = "1,2";
			};
			name = Debug;
		};
		61A1FC7022E488D40013FDC6 /* Release */ = {
			isa = XCBuildConfiguration;
			buildSettings = {
				ASSETCATALOG_COMPILER_APPICON_NAME = AppIcon;
				CODE_SIGN_STYLE = Automatic;
				DEVELOPMENT_ASSET_PATHS = "\"Nearby Me\"/Preview\\ Content";
				ENABLE_PREVIEWS = YES;
				INFOPLIST_FILE = "Nearby Me/Info.plist";
				LD_RUNPATH_SEARCH_PATHS = (
					"$(inherited)",
					"@executable_path/Frameworks",
				);
				PRODUCT_BUNDLE_IDENTIFIER = "id.dana.Nearby-Me";
				PRODUCT_NAME = "$(TARGET_NAME)";
				SWIFT_VERSION = 5.0;
				TARGETED_DEVICE_FAMILY = "1,2";
			};
			name = Release;
		};
		61A1FC7222E488D40013FDC6 /* Debug */ = {
			isa = XCBuildConfiguration;
			buildSettings = {
				ALWAYS_EMBED_SWIFT_STANDARD_LIBRARIES = YES;
				BUNDLE_LOADER = "$(TEST_HOST)";
				CODE_SIGN_STYLE = Automatic;
				INFOPLIST_FILE = "Nearby MeTests/Info.plist";
				LD_RUNPATH_SEARCH_PATHS = (
					"$(inherited)",
					"@executable_path/Frameworks",
					"@loader_path/Frameworks",
				);
				PRODUCT_BUNDLE_IDENTIFIER = "id.dana.Nearby-MeTests";
				PRODUCT_NAME = "$(TARGET_NAME)";
				SWIFT_VERSION = 5.0;
				TARGETED_DEVICE_FAMILY = "1,2";
				TEST_HOST = "$(BUILT_PRODUCTS_DIR)/Nearby Me.app/Nearby Me";
			};
			name = Debug;
		};
		61A1FC7322E488D40013FDC6 /* Release */ = {
			isa = XCBuildConfiguration;
			buildSettings = {
				ALWAYS_EMBED_SWIFT_STANDARD_LIBRARIES = YES;
				BUNDLE_LOADER = "$(TEST_HOST)";
				CODE_SIGN_STYLE = Automatic;
				INFOPLIST_FILE = "Nearby MeTests/Info.plist";
				LD_RUNPATH_SEARCH_PATHS = (
					"$(inherited)",
					"@executable_path/Frameworks",
					"@loader_path/Frameworks",
				);
				PRODUCT_BUNDLE_IDENTIFIER = "id.dana.Nearby-MeTests";
				PRODUCT_NAME = "$(TARGET_NAME)";
				SWIFT_VERSION = 5.0;
				TARGETED_DEVICE_FAMILY = "1,2";
				TEST_HOST = "$(BUILT_PRODUCTS_DIR)/Nearby Me.app/Nearby Me";
			};
			name = Release;
		};
		61A1FC7522E488D40013FDC6 /* Debug */ = {
			isa = XCBuildConfiguration;
			buildSettings = {
				ALWAYS_EMBED_SWIFT_STANDARD_LIBRARIES = YES;
				CODE_SIGN_STYLE = Automatic;
				INFOPLIST_FILE = "Nearby MeUITests/Info.plist";
				LD_RUNPATH_SEARCH_PATHS = (
					"$(inherited)",
					"@executable_path/Frameworks",
					"@loader_path/Frameworks",
				);
				PRODUCT_BUNDLE_IDENTIFIER = "id.dana.Nearby-MeUITests";
				PRODUCT_NAME = "$(TARGET_NAME)";
				SWIFT_VERSION = 5.0;
				TARGETED_DEVICE_FAMILY = "1,2";
				TEST_TARGET_NAME = "Nearby Me";
			};
			name = Debug;
		};
		61A1FC7622E488D40013FDC6 /* Release */ = {
			isa = XCBuildConfiguration;
			buildSettings = {
				ALWAYS_EMBED_SWIFT_STANDARD_LIBRARIES = YES;
				CODE_SIGN_STYLE = Automatic;
				INFOPLIST_FILE = "Nearby MeUITests/Info.plist";
				LD_RUNPATH_SEARCH_PATHS = (
					"$(inherited)",
					"@executable_path/Frameworks",
					"@loader_path/Frameworks",
				);
				PRODUCT_BUNDLE_IDENTIFIER = "id.dana.Nearby-MeUITests";
				PRODUCT_NAME = "$(TARGET_NAME)";
				SWIFT_VERSION = 5.0;
				TARGETED_DEVICE_FAMILY = "1,2";
				TEST_TARGET_NAME = "Nearby Me";
			};
			name = Release;
		};
/* End XCBuildConfiguration section */

/* Begin XCConfigurationList section */
		61A1FC3F22E488CF0013FDC6 /* Build configuration list for PBXProject "Nearby Me" */ = {
			isa = XCConfigurationList;
			buildConfigurations = (
				61A1FC6C22E488D40013FDC6 /* Debug */,
				61A1FC6D22E488D40013FDC6 /* Release */,
			);
			defaultConfigurationIsVisible = 0;
			defaultConfigurationName = Release;
		};
		61A1FC6E22E488D40013FDC6 /* Build configuration list for PBXNativeTarget "Nearby Me" */ = {
			isa = XCConfigurationList;
			buildConfigurations = (
				61A1FC6F22E488D40013FDC6 /* Debug */,
				61A1FC7022E488D40013FDC6 /* Release */,
			);
			defaultConfigurationIsVisible = 0;
			defaultConfigurationName = Release;
		};
		61A1FC7122E488D40013FDC6 /* Build configuration list for PBXNativeTarget "Nearby MeTests" */ = {
			isa = XCConfigurationList;
			buildConfigurations = (
				61A1FC7222E488D40013FDC6 /* Debug */,
				61A1FC7322E488D40013FDC6 /* Release */,
			);
			defaultConfigurationIsVisible = 0;
			defaultConfigurationName = Release;
		};
		61A1FC7422E488D40013FDC6 /* Build configuration list for PBXNativeTarget "Nearby MeUITests" */ = {
			isa = XCConfigurationList;
			buildConfigurations = (
				61A1FC7522E488D40013FDC6 /* Debug */,
				61A1FC7622E488D40013FDC6 /* Release */,
			);
			defaultConfigurationIsVisible = 0;
			defaultConfigurationName = Release;
		};
/* End XCConfigurationList section */
	};
	rootObject = 61A1FC3C22E488CF0013FDC6 /* Project object */;
}
